
Microsoft Visual Studio Solution File, Format Version 12.00
# Visual Studio Version 17
VisualStudioVersion = 17.14.36603.0
MinimumVisualStudioVersion = 10.0.40219.1
Project("{FAE04EC0-301F-11D3-BF4B-00C04F79EFBC}") = "TestDLL", "TestDLL\TestDLL.csproj", "{CA98B00A-D95F-49A9-9D81-D9484CDF8EC2}"
EndProject
Project("{FAE04EC0-301F-11D3-BF4B-00C04F79EFBC}") = "TestConsoleApp", "TestConsoleApp\TestConsoleApp.csproj", "{18F79CA9-BB6C-40A4-B543-6AD13B9F7535}"
EndProject
Project("{FAE04EC0-301F-11D3-BF4B-00C04F79EFBC}") = "TestSmsWpfApp", "TestSmsWpfApp\TestSmsWpfApp.csproj", "{CC33A81C-1FA1-4037-87D6-91666488C0D7}"
EndProject
Global
	GlobalSection(SolutionConfigurationPlatforms) = preSolution
		Debug|Any CPU = Debug|Any CPU
		Release|Any CPU = Release|Any CPU
	EndGlobalSection
	GlobalSection(ProjectConfigurationPlatforms) = postSolution
		{CA98B00A-D95F-49A9-9D81-D9484CDF8EC2}.Debug|Any CPU.ActiveCfg = Debug|Any CPU
		{CA98B00A-D95F-49A9-9D81-D9484CDF8EC2}.Debug|Any CPU.Build.0 = Debug|Any CPU
		{CA98B00A-D95F-49A9-9D81-D9484CDF8EC2}.Release|Any CPU.ActiveCfg = Release|Any CPU
		{CA98B00A-D95F-49A9-9D81-D9484CDF8EC2}.Release|Any CPU.Build.0 = Release|Any CPU
		{18F79CA9-BB6C-40A4-B543-6AD13B9F7535}.Debug|Any CPU.ActiveCfg = Debug|Any CPU
		{18F79CA9-BB6C-40A4-B543-6AD13B9F7535}.Debug|Any CPU.Build.0 = Debug|Any CPU
		{18F79CA9-BB6C-40A4-B543-6AD13B9F7535}.Release|Any CPU.ActiveCfg = Release|Any CPU
		{18F79CA9-BB6C-40A4-B543-6AD13B9F7535}.Release|Any CPU.Build.0 = Release|Any CPU
		{CC33A81C-1FA1-4037-87D6-91666488C0D7}.Debug|Any CPU.ActiveCfg = Debug|Any CPU
		{CC33A81C-1FA1-4037-87D6-91666488C0D7}.Debug|Any CPU.Build.0 = Debug|Any CPU
		{CC33A81C-1FA1-4037-87D6-91666488C0D7}.Release|Any CPU.ActiveCfg = Release|Any CPU
		{CC33A81C-1FA1-4037-87D6-91666488C0D7}.Release|Any CPU.Build.0 = Release|Any CPU
	EndGlobalSection
	GlobalSection(SolutionProperties) = preSolution
		HideSolutionNode = FALSE
	EndGlobalSection
	GlobalSection(ExtensibilityGlobals) = postSolution
		SolutionGuid = {00346AF0-B0E6-4751-BEBC-B9A118F94C25}
	EndGlobalSection
EndGlobal
